
Microsoft Visual Studio Solution File, Format Version 12.00
# Visual Studio Version 16
VisualStudioVersion = 16.0.30804.86
MinimumVisualStudioVersion = 10.0.40219.1
Project("{9A19103F-16F7-4668-BE54-9A1E7A4F7556}") = "WordLibrary.API", "WordLibrary.API\WordLibrary.API.csproj", "{1DE8524D-9D47-4654-8431-D81D63566C77}"
EndProject
Project("{9A19103F-16F7-4668-BE54-9A1E7A4F7556}") = "WordLibrary.Entities", "WordLibrary.Entities\WordLibrary.Entities.csproj", "{E402F6F7-9449-4DD8-8123-8F90A1B6585E}"
EndProject
Project("{9A19103F-16F7-4668-BE54-9A1E7A4F7556}") = "WordLibrary.DataAccess", "WordLibrary.DataAccess\WordLibrary.DataAccess.csproj", "{0D40BB2D-10F6-43C2-8697-8599DFB023D4}"
EndProject
Project("{9A19103F-16F7-4668-BE54-9A1E7A4F7556}") = "WordLibrary.Business", "WordLibrary.Business\WordLibrary.Business.csproj", "{22B917DB-915F-494D-AACC-9CAAF5B13BBD}"
EndProject
Project("{FAE04EC0-301F-11D3-BF4B-00C04F79EFBC}") = "WordLibrary.Core", "WordLibrary.Core\WordLibrary.Core.csproj", "{557BE16E-9689-4AF9-90B8-F93ACAABE13B}"
EndProject
Project("{FAE04EC0-301F-11D3-BF4B-00C04F79EFBC}") = "WordLibrary.Business.TestCoreMs", "WordLibrary.Business.TestCoreMs\WordLibrary.Business.TestCoreMs.csproj", "{55F23A50-AA00-46EE-AE98-7D1A5E097B44}"
EndProject
Global
	GlobalSection(SolutionConfigurationPlatforms) = preSolution
		Debug|Any CPU = Debug|Any CPU
		Release|Any CPU = Release|Any CPU
	EndGlobalSection
	GlobalSection(ProjectConfigurationPlatforms) = postSolution
		{1DE8524D-9D47-4654-8431-D81D63566C77}.Debug|Any CPU.ActiveCfg = Debug|Any CPU
		{1DE8524D-9D47-4654-8431-D81D63566C77}.Debug|Any CPU.Build.0 = Debug|Any CPU
		{1DE8524D-9D47-4654-8431-D81D63566C77}.Release|Any CPU.ActiveCfg = Release|Any CPU
		{1DE8524D-9D47-4654-8431-D81D63566C77}.Release|Any CPU.Build.0 = Release|Any CPU
		{E402F6F7-9449-4DD8-8123-8F90A1B6585E}.Debug|Any CPU.ActiveCfg = Debug|Any CPU
		{E402F6F7-9449-4DD8-8123-8F90A1B6585E}.Debug|Any CPU.Build.0 = Debug|Any CPU
		{E402F6F7-9449-4DD8-8123-8F90A1B6585E}.Release|Any CPU.ActiveCfg = Release|Any CPU
		{E402F6F7-9449-4DD8-8123-8F90A1B6585E}.Release|Any CPU.Build.0 = Release|Any CPU
		{0D40BB2D-10F6-43C2-8697-8599DFB023D4}.Debug|Any CPU.ActiveCfg = Debug|Any CPU
		{0D40BB2D-10F6-43C2-8697-8599DFB023D4}.Debug|Any CPU.Build.0 = Debug|Any CPU
		{0D40BB2D-10F6-43C2-8697-8599DFB023D4}.Release|Any CPU.ActiveCfg = Release|Any CPU
		{0D40BB2D-10F6-43C2-8697-8599DFB023D4}.Release|Any CPU.Build.0 = Release|Any CPU
		{22B917DB-915F-494D-AACC-9CAAF5B13BBD}.Debug|Any CPU.ActiveCfg = Debug|Any CPU
		{22B917DB-915F-494D-AACC-9CAAF5B13BBD}.Debug|Any CPU.Build.0 = Debug|Any CPU
		{22B917DB-915F-494D-AACC-9CAAF5B13BBD}.Release|Any CPU.ActiveCfg = Release|Any CPU
		{22B917DB-915F-494D-AACC-9CAAF5B13BBD}.Release|Any CPU.Build.0 = Release|Any CPU
		{557BE16E-9689-4AF9-90B8-F93ACAABE13B}.Debug|Any CPU.ActiveCfg = Debug|Any CPU
		{557BE16E-9689-4AF9-90B8-F93ACAABE13B}.Debug|Any CPU.Build.0 = Debug|Any CPU
		{557BE16E-9689-4AF9-90B8-F93ACAABE13B}.Release|Any CPU.ActiveCfg = Release|Any CPU
		{557BE16E-9689-4AF9-90B8-F93ACAABE13B}.Release|Any CPU.Build.0 = Release|Any CPU
		{55F23A50-AA00-46EE-AE98-7D1A5E097B44}.Debug|Any CPU.ActiveCfg = Debug|Any CPU
		{55F23A50-AA00-46EE-AE98-7D1A5E097B44}.Debug|Any CPU.Build.0 = Debug|Any CPU
		{55F23A50-AA00-46EE-AE98-7D1A5E097B44}.Release|Any CPU.ActiveCfg = Release|Any CPU
		{55F23A50-AA00-46EE-AE98-7D1A5E097B44}.Release|Any CPU.Build.0 = Release|Any CPU
	EndGlobalSection
	GlobalSection(SolutionProperties) = preSolution
		HideSolutionNode = FALSE
	EndGlobalSection
	GlobalSection(ExtensibilityGlobals) = postSolution
		SolutionGuid = {D046B772-7A44-413F-94FB-FCF6958D4982}
	EndGlobalSection
EndGlobal
